
Microsoft Visual Studio Solution File, Format Version 12.00
# Visual Studio Version 16
VisualStudioVersion = 16.0.31005.135
MinimumVisualStudioVersion = 10.0.40219.1
Project("{FAE04EC0-301F-11D3-BF4B-00C04F79EFBC}") = "Ejercicio2AnalisisGuia6", "Ejercicio2AnalisisGuia6\Ejercicio2AnalisisGuia6.csproj", "{8D30A59D-621B-4DEB-B6B4-8B6B0ADBABDD}"
EndProject
Global
	GlobalSection(SolutionConfigurationPlatforms) = preSolution
		Debug|Any CPU = Debug|Any CPU
		Release|Any CPU = Release|Any CPU
	EndGlobalSection
	GlobalSection(ProjectConfigurationPlatforms) = postSolution
		{8D30A59D-621B-4DEB-B6B4-8B6B0ADBABDD}.Debug|Any CPU.ActiveCfg = Debug|Any CPU
		{8D30A59D-621B-4DEB-B6B4-8B6B0ADBABDD}.Debug|Any CPU.Build.0 = Debug|Any CPU
		{8D30A59D-621B-4DEB-B6B4-8B6B0ADBABDD}.Release|Any CPU.ActiveCfg = Release|Any CPU
		{8D30A59D-621B-4DEB-B6B4-8B6B0ADBABDD}.Release|Any CPU.Build.0 = Release|Any CPU
	EndGlobalSection
	GlobalSection(SolutionProperties) = preSolution
		HideSolutionNode = FALSE
	EndGlobalSection
	GlobalSection(ExtensibilityGlobals) = postSolution
		SolutionGuid = {801413D2-EF33-4E3F-A6F1-519CA934A70A}
	EndGlobalSection
EndGlobal
